{
    "_meta": {
        "hash": {
            "sha256": "4eacc254ebe54a7799604f5f71bbdd1a83c62cf46fb55ce8e76778e5dd138333"
        },
        "pipfile-spec": 6,
        "requires": {},
        "sources": [
            {
                "name": "pypi",
                "url": "https://pypi.org/simple",
                "verify_ssl": true
            },
            {
                "name": "example",
                "url": "https://pypi.example.com/simple",
                "verify_ssl": true
            }
        ]
    },
}